// !$*UTF8*$!
{
	archiveVersion = 1;
	classes = {
	};
	objectVersion = 50;
	objects = {

/* Begin PBXBuildFile section */
		01C7FECB25A67B720081C196 /* AppDelegate.swift in Sources */ = {isa = PBXBuildFile; fileRef = 01C7FECA25A67B720081C196 /* AppDelegate.swift */; };
		01C7FECD25A67B720081C196 /* SceneDelegate.swift in Sources */ = {isa = PBXBuildFile; fileRef = 01C7FECC25A67B720081C196 /* SceneDelegate.swift */; };
		01C7FECF25A67B720081C196 /* ViewController.swift in Sources */ = {isa = PBXBuildFile; fileRef = 01C7FECE25A67B720081C196 /* ViewController.swift */; };
		01C7FED225A67B720081C196 /* Main.storyboard in Resources */ = {isa = PBXBuildFile; fileRef = 01C7FED025A67B720081C196 /* Main.storyboard */; };
		01C7FED425A67B750081C196 /* Assets.xcassets in Resources */ = {isa = PBXBuildFile; fileRef = 01C7FED325A67B750081C196 /* Assets.xcassets */; };
		01C7FED725A67B750081C196 /* LaunchScreen.storyboard in Resources */ = {isa = PBXBuildFile; fileRef = 01C7FED525A67B750081C196 /* LaunchScreen.storyboard */; };
		01C7FEE225A67B760081C196 /* tippyTests.swift in Sources */ = {isa = PBXBuildFile; fileRef = 01C7FEE125A67B760081C196 /* tippyTests.swift */; };
		01C7FEED25A67B760081C196 /* tippyUITests.swift in Sources */ = {isa = PBXBuildFile; fileRef = 01C7FEEC25A67B760081C196 /* tippyUITests.swift */; };
/* End PBXBuildFile section */

/* Begin PBXContainerItemProxy section */
		01C7FEDE25A67B760081C196 /* PBXContainerItemProxy */ = {
			isa = PBXContainerItemProxy;
			containerPortal = 01C7FEBF25A67B720081C196 /* Project object */;
			proxyType = 1;
			remoteGlobalIDString = 01C7FEC625A67B720081C196;
			remoteInfo = tippy;
		};
		01C7FEE925A67B760081C196 /* PBXContainerItemProxy */ = {
			isa = PBXContainerItemProxy;
			containerPortal = 01C7FEBF25A67B720081C196 /* Project object */;
			proxyType = 1;
			remoteGlobalIDString = 01C7FEC625A67B720081C196;
			remoteInfo = tippy;
		};
/* End PBXContainerItemProxy section */

/* Begin PBXFileReference section */
		01C7FEC725A67B720081C196 /* tippy.app */ = {isa = PBXFileReference; explicitFileType = wrapper.application; includeInIndex = 0; path = tippy.app; sourceTree = BUILT_PRODUCTS_DIR; };
		01C7FECA25A67B720081C196 /* AppDelegate.swift */ = {isa = PBXFileReference; lastKnownFileType = sourcecode.swift; path = AppDelegate.swift; sourceTree = "<group>"; };
		01C7FECC25A67B720081C196 /* SceneDelegate.swift */ = {isa = PBXFileReference; lastKnownFileType = sourcecode.swift; path = SceneDelegate.swift; sourceTree = "<group>"; };
		01C7FECE25A67B720081C196 /* ViewController.swift */ = {isa = PBXFileReference; lastKnownFileType = sourcecode.swift; path = ViewController.swift; sourceTree = "<group>"; };
		01C7FED125A67B720081C196 /* Base */ = {isa = PBXFileReference; lastKnownFileType = file.storyboard; name = Base; path = Base.lproj/Main.storyboard; sourceTree = "<group>"; };
		01C7FED325A67B750081C196 /* Assets.xcassets */ = {isa = PBXFileReference; lastKnownFileType = folder.assetcatalog; path = Assets.xcassets; sourceTree = "<group>"; };
		01C7FED625A67B750081C196 /* Base */ = {isa = PBXFileReference; lastKnownFileType = file.storyboard; name = Base; path = Base.lproj/LaunchScreen.storyboard; sourceTree = "<group>"; };
		01C7FED825A67B750081C196 /* Info.plist */ = {isa = PBXFileReference; lastKnownFileType = text.plist.xml; path = Info.plist; sourceTree = "<group>"; };
		01C7FEDD25A67B760081C196 /* tippyTests.xctest */ = {isa = PBXFileReference; explicitFileType = wrapper.cfbundle; includeInIndex = 0; path = tippyTests.xctest; sourceTree = BUILT_PRODUCTS_DIR; };
		01C7FEE125A67B760081C196 /* tippyTests.swift */ = {isa = PBXFileReference; lastKnownFileType = sourcecode.swift; path = tippyTests.swift; sourceTree = "<group>"; };
		01C7FEE325A67B760081C196 /* Info.plist */ = {isa = PBXFileReference; lastKnownFileType = text.plist.xml; path = Info.plist; sourceTree = "<group>"; };
		01C7FEE825A67B760081C196 /* tippyUITests.xctest */ = {isa = PBXFileReference; explicitFileType = wrapper.cfbundle; includeInIndex = 0; path = tippyUITests.xctest; sourceTree = BUILT_PRODUCTS_DIR; };
		01C7FEEC25A67B760081C196 /* tippyUITests.swift */ = {isa = PBXFileReference; lastKnownFileType = sourcecode.swift; path = tippyUITests.swift; sourceTree = "<group>"; };
		01C7FEEE25A67B760081C196 /* Info.plist */ = {isa = PBXFileReference; lastKnownFileType = text.plist.xml; path = Info.plist; sourceTree = "<group>"; };
/* End PBXFileReference section */

/* Begin PBXFrameworksBuildPhase section */
		01C7FEC425A67B720081C196 /* Frameworks */ = {
			isa = PBXFrameworksBuildPhase;
			buildActionMask = 2147483647;
			files = (
			);
			runOnlyForDeploymentPostprocessing = 0;
		};
		01C7FEDA25A67B760081C196 /* Frameworks */ = {
			isa = PBXFrameworksBuildPhase;
			buildActionMask = 2147483647;
			files = (
			);
			runOnlyForDeploymentPostprocessing = 0;
		};
		01C7FEE525A67B760081C196 /* Frameworks */ = {
			isa = PBXFrameworksBuildPhase;
			buildActionMask = 2147483647;
			files = (
			);
			runOnlyForDeploymentPostprocessing = 0;
		};
/* End PBXFrameworksBuildPhase section */

/* Begin PBXGroup section */
		01C7FEBE25A67B720081C196 = {
			isa = PBXGroup;
			children = (
				01C7FEC925A67B720081C196 /* tippy */,
				01C7FEE025A67B760081C196 /* tippyTests */,
				01C7FEEB25A67B760081C196 /* tippyUITests */,
				01C7FEC825A67B720081C196 /* Products */,
			);
			sourceTree = "<group>";
		};
		01C7FEC825A67B720081C196 /* Products */ = {
			isa = PBXGroup;
			children = (
				01C7FEC725A67B720081C196 /* tippy.app */,
				01C7FEDD25A67B760081C196 /* tippyTests.xctest */,
				01C7FEE825A67B760081C196 /* tippyUITests.xctest */,
			);
			name = Products;
			sourceTree = "<group>";
		};
		01C7FEC925A67B720081C196 /* tippy */ = {
			isa = PBXGroup;
			children = (
				01C7FECA25A67B720081C196 /* AppDelegate.swift */,
				01C7FECC25A67B720081C196 /* SceneDelegate.swift */,
				01C7FECE25A67B720081C196 /* ViewController.swift */,
				01C7FED025A67B720081C196 /* Main.storyboard */,
				01C7FED325A67B750081C196 /* Assets.xcassets */,
				01C7FED525A67B750081C196 /* LaunchScreen.storyboard */,
				01C7FED825A67B750081C196 /* Info.plist */,
			);
			path = tippy;
			sourceTree = "<group>";
		};
		01C7FEE025A67B760081C196 /* tippyTests */ = {
			isa = PBXGroup;
			children = (
				01C7FEE125A67B760081C196 /* tippyTests.swift */,
				01C7FEE325A67B760081C196 /* Info.plist */,
			);
			path = tippyTests;
			sourceTree = "<group>";
		};
		01C7FEEB25A67B760081C196 /* tippyUITests */ = {
			isa = PBXGroup;
			children = (
				01C7FEEC25A67B760081C196 /* tippyUITests.swift */,
				01C7FEEE25A67B760081C196 /* Info.plist */,
			);
			path = tippyUITests;
			sourceTree = "<group>";
		};
/* End PBXGroup section */

/* Begin PBXNativeTarget section */
		01C7FEC625A67B720081C196 /* tippy */ = {
			isa = PBXNativeTarget;
			buildConfigurationList = 01C7FEF125A67B760081C196 /* Build configuration list for PBXNativeTarget "tippy" */;
			buildPhases = (
				01C7FEC325A67B720081C196 /* Sources */,
				01C7FEC425A67B720081C196 /* Frameworks */,
				01C7FEC525A67B720081C196 /* Resources */,
			);
			buildRules = (
			);
			dependencies = (
			);
			name = tippy;
			productName = tippy;
			productReference = 01C7FEC725A67B720081C196 /* tippy.app */;
			productType = "com.apple.product-type.application";
		};
		01C7FEDC25A67B760081C196 /* tippyTests */ = {
			isa = PBXNativeTarget;
			buildConfigurationList = 01C7FEF425A67B760081C196 /* Build configuration list for PBXNativeTarget "tippyTests" */;
			buildPhases = (
				01C7FED925A67B760081C196 /* Sources */,
				01C7FEDA25A67B760081C196 /* Frameworks */,
				01C7FEDB25A67B760081C196 /* Resources */,
			);
			buildRules = (
			);
			dependencies = (
				01C7FEDF25A67B760081C196 /* PBXTargetDependency */,
			);
			name = tippyTests;
			productName = tippyTests;
			productReference = 01C7FEDD25A67B760081C196 /* tippyTests.xctest */;
			productType = "com.apple.product-type.bundle.unit-test";
		};
		01C7FEE725A67B760081C196 /* tippyUITests */ = {
			isa = PBXNativeTarget;
			buildConfigurationList = 01C7FEF725A67B760081C196 /* Build configuration list for PBXNativeTarget "tippyUITests" */;
			buildPhases = (
				01C7FEE425A67B760081C196 /* Sources */,
				01C7FEE525A67B760081C196 /* Frameworks */,
				01C7FEE625A67B760081C196 /* Resources */,
			);
			buildRules = (
			);
			dependencies = (
				01C7FEEA25A67B760081C196 /* PBXTargetDependency */,
			);
			name = tippyUITests;
			productName = tippyUITests;
			productReference = 01C7FEE825A67B760081C196 /* tippyUITests.xctest */;
			productType = "com.apple.product-type.bundle.ui-testing";
		};
/* End PBXNativeTarget section */

/* Begin PBXProject section */
		01C7FEBF25A67B720081C196 /* Project object */ = {
			isa = PBXProject;
			attributes = {
				LastSwiftUpdateCheck = 1170;
				LastUpgradeCheck = 1170;
				ORGANIZATIONNAME = codepath;
				TargetAttributes = {
					01C7FEC625A67B720081C196 = {
						CreatedOnToolsVersion = 11.7;
					};
					01C7FEDC25A67B760081C196 = {
						CreatedOnToolsVersion = 11.7;
						TestTargetID = 01C7FEC625A67B720081C196;
					};
					01C7FEE725A67B760081C196 = {
						CreatedOnToolsVersion = 11.7;
						TestTargetID = 01C7FEC625A67B720081C196;
					};
				};
			};
			buildConfigurationList = 01C7FEC225A67B720081C196 /* Build configuration list for PBXProject "tippy" */;
			compatibilityVersion = "Xcode 9.3";
			developmentRegion = en;
			hasScannedForEncodings = 0;
			knownRegions = (
				en,
				Base,
			);
			mainGroup = 01C7FEBE25A67B720081C196;
			productRefGroup = 01C7FEC825A67B720081C196 /* Products */;
			projectDirPath = "";
			projectRoot = "";
			targets = (
				01C7FEC625A67B720081C196 /* tippy */,
				01C7FEDC25A67B760081C196 /* tippyTests */,
				01C7FEE725A67B760081C196 /* tippyUITests */,
			);
		};
/* End PBXProject section */

/* Begin PBXResourcesBuildPhase section */
		01C7FEC525A67B720081C196 /* Resources */ = {
			isa = PBXResourcesBuildPhase;
			buildActionMask = 2147483647;
			files = (
				01C7FED725A67B750081C196 /* LaunchScreen.storyboard in Resources */,
				01C7FED425A67B750081C196 /* Assets.xcassets in Resources */,
				01C7FED225A67B720081C196 /* Main.storyboard in Resources */,
			);
			runOnlyForDeploymentPostprocessing = 0;
		};
		01C7FEDB25A67B760081C196 /* Resources */ = {
			isa = PBXResourcesBuildPhase;
			buildActionMask = 2147483647;
			files = (
			);
			runOnlyForDeploymentPostprocessing = 0;
		};
		01C7FEE625A67B760081C196 /* Resources */ = {
			isa = PBXResourcesBuildPhase;
			buildActionMask = 2147483647;
			files = (
			);
			runOnlyForDeploymentPostprocessing = 0;
		};
/* End PBXResourcesBuildPhase section */

/* Begin PBXSourcesBuildPhase section */
		01C7FEC325A67B720081C196 /* Sources */ = {
			isa = PBXSourcesBuildPhase;
			buildActionMask = 2147483647;
			files = (
				01C7FECF25A67B720081C196 /* ViewController.swift in Sources */,
				01C7FECB25A67B720081C196 /* AppDelegate.swift in Sources */,
				01C7FECD25A67B720081C196 /* SceneDelegate.swift in Sources */,
			);
			runOnlyForDeploymentPostprocessing = 0;
		};
		01C7FED925A67B760081C196 /* Sources */ = {
			isa = PBXSourcesBuildPhase;
			buildActionMask = 2147483647;
			files = (
				01C7FEE225A67B760081C196 /* tippyTests.swift in Sources */,
			);
			runOnlyForDeploymentPostprocessing = 0;
		};
		01C7FEE425A67B760081C196 /* Sources */ = {
			isa = PBXSourcesBuildPhase;
			buildActionMask = 2147483647;
			files = (
				01C7FEED25A67B760081C196 /* tippyUITests.swift in Sources */,
			);
			runOnlyForDeploymentPostprocessing = 0;
		};
/* End PBXSourcesBuildPhase section */

/* Begin PBXTargetDependency section */
		01C7FEDF25A67B760081C196 /* PBXTargetDependency */ = {
			isa = PBXTargetDependency;
			target = 01C7FEC625A67B720081C196 /* tippy */;
			targetProxy = 01C7FEDE25A67B760081C196 /* PBXContainerItemProxy */;
		};
		01C7FEEA25A67B760081C196 /* PBXTargetDependency */ = {
			isa = PBXTargetDependency;
			target = 01C7FEC625A67B720081C196 /* tippy */;
			targetProxy = 01C7FEE925A67B760081C196 /* PBXContainerItemProxy */;
		};
/* End PBXTargetDependency section */

/* Begin PBXVariantGroup section */
		01C7FED025A67B720081C196 /* Main.storyboard */ = {
			isa = PBXVariantGroup;
			children = (
				01C7FED125A67B720081C196 /* Base */,
			);
			name = Main.storyboard;
			sourceTree = "<group>";
		};
		01C7FED525A67B750081C196 /* LaunchScreen.storyboard */ = {
			isa = PBXVariantGroup;
			children = (
				01C7FED625A67B750081C196 /* Base */,
			);
			name = LaunchScreen.storyboard;
			sourceTree = "<group>";
		};
/* End PBXVariantGroup section */

/* Begin XCBuildConfiguration section */
		01C7FEEF25A67B760081C196 /* Debug */ = {
			isa = XCBuildConfiguration;
			buildSettings = {
				ALWAYS_SEARCH_USER_PATHS = NO;
				CLANG_ANALYZER_NONNULL = YES;
				CLANG_ANALYZER_NUMBER_OBJECT_CONVERSION = YES_AGGRESSIVE;
				CLANG_CXX_LANGUAGE_STANDARD = "gnu++14";
				CLANG_CXX_LIBRARY = "libc++";
				CLANG_ENABLE_MODULES = YES;
				CLANG_ENABLE_OBJC_ARC = YES;
				CLANG_ENABLE_OBJC_WEAK = YES;
				CLANG_WARN_BLOCK_CAPTURE_AUTORELEASING = YES;
				CLANG_WARN_BOOL_CONVERSION = YES;
				CLANG_WARN_COMMA = YES;
				CLANG_WARN_CONSTANT_CONVERSION = YES;
				CLANG_WARN_DEPRECATED_OBJC_IMPLEMENTATIONS = YES;
				CLANG_WARN_DIRECT_OBJC_ISA_USAGE = YES_ERROR;
				CLANG_WARN_DOCUMENTATION_COMMENTS = YES;
				CLANG_WARN_EMPTY_BODY = YES;
				CLANG_WARN_ENUM_CONVERSION = YES;
				CLANG_WARN_INFINITE_RECURSION = YES;
				CLANG_WARN_INT_CONVERSION = YES;
				CLANG_WARN_NON_LITERAL_NULL_CONVERSION = YES;
				CLANG_WARN_OBJC_IMPLICIT_RETAIN_SELF = YES;
				CLANG_WARN_OBJC_LITERAL_CONVERSION = YES;
				CLANG_WARN_OBJC_ROOT_CLASS = YES_ERROR;
				CLANG_WARN_RANGE_LOOP_ANALYSIS = YES;
				CLANG_WARN_STRICT_PROTOTYPES = YES;
				CLANG_WARN_SUSPICIOUS_MOVE = YES;
				CLANG_WARN_UNGUARDED_AVAILABILITY = YES_AGGRESSIVE;
				CLANG_WARN_UNREACHABLE_CODE = YES;
				CLANG_WARN__DUPLICATE_METHOD_MATCH = YES;
				COPY_PHASE_STRIP = NO;
				DEBUG_INFORMATION_FORMAT = dwarf;
				ENABLE_STRICT_OBJC_MSGSEND = YES;
				ENABLE_TESTABILITY = YES;
				GCC_C_LANGUAGE_STANDARD = gnu11;
				GCC_DYNAMIC_NO_PIC = NO;
				GCC_NO_COMMON_BLOCKS = YES;
				GCC_OPTIMIZATION_LEVEL = 0;
				GCC_PREPROCESSOR_DEFINITIONS = (
					"DEBUG=1",
					"$(inherited)",
				);
				GCC_WARN_64_TO_32_BIT_CONVERSION = YES;
				GCC_WARN_ABOUT_RETURN_TYPE = YES_ERROR;
				GCC_WARN_UNDECLARED_SELECTOR = YES;
				GCC_WARN_UNINITIALIZED_AUTOS = YES_AGGRESSIVE;
				GCC_WARN_UNUSED_FUNCTION = YES;
				GCC_WARN_UNUSED_VARIABLE = YES;
				IPHONEOS_DEPLOYMENT_TARGET = 13.7;
				MTL_ENABLE_DEBUG_INFO = INCLUDE_SOURCE;
				MTL_FAST_MATH = YES;
				ONLY_ACTIVE_ARCH = YES;
				SDKROOT = iphoneos;
				SWIFT_ACTIVE_COMPILATION_CONDITIONS = DEBUG;
				SWIFT_OPTIMIZATION_LEVEL = "-Onone";
			};
			name = Debug;
		};
		01C7FEF025A67B760081C196 /* Release */ = {
			isa = XCBuildConfiguration;
			buildSettings = {
				ALWAYS_SEARCH_USER_PATHS = NO;
				CLANG_ANALYZER_NONNULL = YES;
				CLANG_ANALYZER_NUMBER_OBJECT_CONVERSION = YES_AGGRESSIVE;
				CLANG_CXX_LANGUAGE_STANDARD = "gnu++14";
				CLANG_CXX_LIBRARY = "libc++";
				CLANG_ENABLE_MODULES = YES;
				CLANG_ENABLE_OBJC_ARC = YES;
				CLANG_ENABLE_OBJC_WEAK = YES;
				CLANG_WARN_BLOCK_CAPTURE_AUTORELEASING = YES;
				CLANG_WARN_BOOL_CONVERSION = YES;
				CLANG_WARN_COMMA = YES;
				CLANG_WARN_CONSTANT_CONVERSION = YES;
				CLANG_WARN_DEPRECATED_OBJC_IMPLEMENTATIONS = YES;
				CLANG_WARN_DIRECT_OBJC_ISA_USAGE = YES_ERROR;
				CLANG_WARN_DOCUMENTATION_COMMENTS = YES;
				CLANG_WARN_EMPTY_BODY = YES;
				CLANG_WARN_ENUM_CONVERSION = YES;
				CLANG_WARN_INFINITE_RECURSION = YES;
				CLANG_WARN_INT_CONVERSION = YES;
				CLANG_WARN_NON_LITERAL_NULL_CONVERSION = YES;
				CLANG_WARN_OBJC_IMPLICIT_RETAIN_SELF = YES;
				CLANG_WARN_OBJC_LITERAL_CONVERSION = YES;
				CLANG_WARN_OBJC_ROOT_CLASS = YES_ERROR;
				CLANG_WARN_RANGE_LOOP_ANALYSIS = YES;
				CLANG_WARN_STRICT_PROTOTYPES = YES;
				CLANG_WARN_SUSPICIOUS_MOVE = YES;
				CLANG_WARN_UNGUARDED_AVAILABILITY = YES_AGGRESSIVE;
				CLANG_WARN_UNREACHABLE_CODE = YES;
				CLANG_WARN__DUPLICATE_METHOD_MATCH = YES;
				COPY_PHASE_STRIP = NO;
				DEBUG_INFORMATION_FORMAT = "dwarf-with-dsym";
				ENABLE_NS_ASSERTIONS = NO;
				ENABLE_STRICT_OBJC_MSGSEND = YES;
				GCC_C_LANGUAGE_STANDARD = gnu11;
				GCC_NO_COMMON_BLOCKS = YES;
				GCC_WARN_64_TO_32_BIT_CONVERSION = YES;
				GCC_WARN_ABOUT_RETURN_TYPE = YES_ERROR;
				GCC_WARN_UNDECLARED_SELECTOR = YES;
				GCC_WARN_UNINITIALIZED_AUTOS = YES_AGGRESSIVE;
				GCC_WARN_UNUSED_FUNCTION = YES;
				GCC_WARN_UNUSED_VARIABLE = YES;
				IPHONEOS_DEPLOYMENT_TARGET = 13.7;
				MTL_ENABLE_DEBUG_INFO = NO;
				MTL_FAST_MATH = YES;
				SDKROOT = iphoneos;
				SWIFT_COMPILATION_MODE = wholemodule;
				SWIFT_OPTIMIZATION_LEVEL = "-O";
				VALIDATE_PRODUCT = YES;
			};
			name = Release;
		};
		01C7FEF225A67B760081C196 /* Debug */ = {
			isa = XCBuildConfiguration;
			buildSettings = {
				ASSETCATALOG_COMPILER_APPICON_NAME = AppIcon;
				CODE_SIGN_STYLE = Automatic;
				INFOPLIST_FILE = tippy/Info.plist;
				LD_RUNPATH_SEARCH_PATHS = (
					"$(inherited)",
					"@executable_path/Frameworks",
				);
				PRODUCT_BUNDLE_IDENTIFIER = com.codepath.tippy;
				PRODUCT_NAME = "$(TARGET_NAME)";
				SWIFT_VERSION = 5.0;
				TARGETED_DEVICE_FAMILY = "1,2";
			};
			name = Debug;
		};
		01C7FEF325A67B760081C196 /* Release */ = {
			isa = XCBuildConfiguration;
			buildSettings = {
				ASSETCATALOG_COMPILER_APPICON_NAME = AppIcon;
				CODE_SIGN_STYLE = Automatic;
				INFOPLIST_FILE = tippy/Info.plist;
				LD_RUNPATH_SEARCH_PATHS = (
					"$(inherited)",
					"@executable_path/Frameworks",
				);
				PRODUCT_BUNDLE_IDENTIFIER = com.codepath.tippy;
				PRODUCT_NAME = "$(TARGET_NAME)";
				SWIFT_VERSION = 5.0;
				TARGETED_DEVICE_FAMILY = "1,2";
			};
			name = Release;
		};
		01C7FEF525A67B760081C196 /* Debug */ = {
			isa = XCBuildConfiguration;
			buildSettings = {
				ALWAYS_EMBED_SWIFT_STANDARD_LIBRARIES = YES;
				BUNDLE_LOADER = "$(TEST_HOST)";
				CODE_SIGN_STYLE = Automatic;
				INFOPLIST_FILE = tippyTests/Info.plist;
				IPHONEOS_DEPLOYMENT_TARGET = 13.7;
				LD_RUNPATH_SEARCH_PATHS = (
					"$(inherited)",
					"@executable_path/Frameworks",
					"@loader_path/Frameworks",
				);
				PRODUCT_BUNDLE_IDENTIFIER = com.codepath.tippyTests;
				PRODUCT_NAME = "$(TARGET_NAME)";
				SWIFT_VERSION = 5.0;
				TARGETED_DEVICE_FAMILY = "1,2";
				TEST_HOST = "$(BUILT_PRODUCTS_DIR)/tippy.app/tippy";
			};
			name = Debug;
		};
		01C7FEF625A67B760081C196 /* Release */ = {
			isa = XCBuildConfiguration;
			buildSettings = {
				ALWAYS_EMBED_SWIFT_STANDARD_LIBRARIES = YES;
				BUNDLE_LOADER = "$(TEST_HOST)";
				CODE_SIGN_STYLE = Automatic;
				INFOPLIST_FILE = tippyTests/Info.plist;
				IPHONEOS_DEPLOYMENT_TARGET = 13.7;
				LD_RUNPATH_SEARCH_PATHS = (
					"$(inherited)",
					"@executable_path/Frameworks",
					"@loader_path/Frameworks",
				);
				PRODUCT_BUNDLE_IDENTIFIER = com.codepath.tippyTests;
				PRODUCT_NAME = "$(TARGET_NAME)";
				SWIFT_VERSION = 5.0;
				TARGETED_DEVICE_FAMILY = "1,2";
				TEST_HOST = "$(BUILT_PRODUCTS_DIR)/tippy.app/tippy";
			};
			name = Release;
		};
		01C7FEF825A67B760081C196 /* Debug */ = {
			isa = XCBuildConfiguration;
			buildSettings = {
				ALWAYS_EMBED_SWIFT_STANDARD_LIBRARIES = YES;
				CODE_SIGN_STYLE = Automatic;
				INFOPLIST_FILE = tippyUITests/Info.plist;
				LD_RUNPATH_SEARCH_PATHS = (
					"$(inherited)",
					"@executable_path/Frameworks",
					"@loader_path/Frameworks",
				);
				PRODUCT_BUNDLE_IDENTIFIER = com.codepath.tippyUITests;
				PRODUCT_NAME = "$(TARGET_NAME)";
				SWIFT_VERSION = 5.0;
				TARGETED_DEVICE_FAMILY = "1,2";
				TEST_TARGET_NAME = tippy;
			};
			name = Debug;
		};
		01C7FEF925A67B760081C196 /* Release */ = {
			isa = XCBuildConfiguration;
			buildSettings = {
				ALWAYS_EMBED_SWIFT_STANDARD_LIBRARIES = YES;
				CODE_SIGN_STYLE = Automatic;
				INFOPLIST_FILE = tippyUITests/Info.plist;
				LD_RUNPATH_SEARCH_PATHS = (
					"$(inherited)",
					"@executable_path/Frameworks",
					"@loader_path/Frameworks",
				);
				PRODUCT_BUNDLE_IDENTIFIER = com.codepath.tippyUITests;
				PRODUCT_NAME = "$(TARGET_NAME)";
				SWIFT_VERSION = 5.0;
				TARGETED_DEVICE_FAMILY = "1,2";
				TEST_TARGET_NAME = tippy;
			};
			name = Release;
		};
/* End XCBuildConfiguration section */

/* Begin XCConfigurationList section */
		01C7FEC225A67B720081C196 /* Build configuration list for PBXProject "tippy" */ = {
			isa = XCConfigurationList;
			buildConfigurations = (
				01C7FEEF25A67B760081C196 /* Debug */,
				01C7FEF025A67B760081C196 /* Release */,
			);
			defaultConfigurationIsVisible = 0;
			defaultConfigurationName = Release;
		};
		01C7FEF125A67B760081C196 /* Build configuration list for PBXNativeTarget "tippy" */ = {
			isa = XCConfigurationList;
			buildConfigurations = (
				01C7FEF225A67B760081C196 /* Debug */,
				01C7FEF325A67B760081C196 /* Release */,
			);
			defaultConfigurationIsVisible = 0;
			defaultConfigurationName = Release;
		};
		01C7FEF425A67B760081C196 /* Build configuration list for PBXNativeTarget "tippyTests" */ = {
			isa = XCConfigurationList;
			buildConfigurations = (
				01C7FEF525A67B760081C196 /* Debug */,
				01C7FEF625A67B760081C196 /* Release */,
			);
			defaultConfigurationIsVisible = 0;
			defaultConfigurationName = Release;
		};
		01C7FEF725A67B760081C196 /* Build configuration list for PBXNativeTarget "tippyUITests" */ = {
			isa = XCConfigurationList;
			buildConfigurations = (
				01C7FEF825A67B760081C196 /* Debug */,
				01C7FEF925A67B760081C196 /* Release */,
			);
			defaultConfigurationIsVisible = 0;
			defaultConfigurationName = Release;
		};
/* End XCConfigurationList section */
	};
	rootObject = 01C7FEBF25A67B720081C196 /* Project object */;
}
